// !$*UTF8*$!
{
	archiveVersion = 1;
	classes = {
	};
	objectVersion = 46;
	objects = {

/* Begin PBXBuildFile section */
		580EF6E51A464C4800744D78 /* AppDelegate.swift in Sources */ = {isa = PBXBuildFile; fileRef = 580EF6E41A464C4800744D78 /* AppDelegate.swift */; };
		580EF6EE1A464C4800744D78 /* Main.storyboard in Resources */ = {isa = PBXBuildFile; fileRef = 580EF6EC1A464C4800744D78 /* Main.storyboard */; };
		580EF6F01A464C4800744D78 /* Images.xcassets in Resources */ = {isa = PBXBuildFile; fileRef = 580EF6EF1A464C4800744D78 /* Images.xcassets */; };
		580EF6F31A464C4800744D78 /* LaunchScreen.xib in Resources */ = {isa = PBXBuildFile; fileRef = 580EF6F11A464C4800744D78 /* LaunchScreen.xib */; };
		580EF6FF1A464C4800744D78 /* SimpleWebRTCDemoTests.swift in Sources */ = {isa = PBXBuildFile; fileRef = 580EF6FE1A464C4800744D78 /* SimpleWebRTCDemoTests.swift */; };
		580EF70D1A464CA200744D78 /* UIKit.framework in Frameworks */ = {isa = PBXBuildFile; fileRef = 580EF70C1A464CA200744D78 /* UIKit.framework */; };
		580EF70F1A464CC000744D78 /* libWebRTC-7939-arm-intel-Debug.a in Frameworks */ = {isa = PBXBuildFile; fileRef = 580EF70E1A464CC000744D78 /* libWebRTC-7939-arm-intel-Debug.a */; };
		580EF7111A464CC700744D78 /* libsqlite3.0.dylib in Frameworks */ = {isa = PBXBuildFile; fileRef = 580EF7101A464CC700744D78 /* libsqlite3.0.dylib */; };
		580EF7131A464CCF00744D78 /* libc.dylib in Frameworks */ = {isa = PBXBuildFile; fileRef = 580EF7121A464CCF00744D78 /* libc.dylib */; };
		580EF7151A464CD400744D78 /* GLKit.framework in Frameworks */ = {isa = PBXBuildFile; fileRef = 580EF7141A464CD400744D78 /* GLKit.framework */; };
		580EF7171A464CDA00744D78 /* CoreMedia.framework in Frameworks */ = {isa = PBXBuildFile; fileRef = 580EF7161A464CDA00744D78 /* CoreMedia.framework */; };
		580EF7191A464CDF00744D78 /* AVFoundation.framework in Frameworks */ = {isa = PBXBuildFile; fileRef = 580EF7181A464CDF00744D78 /* AVFoundation.framework */; };
		580EF71B1A464CE800744D78 /* Foundation.framework in Frameworks */ = {isa = PBXBuildFile; fileRef = 580EF71A1A464CE800744D78 /* Foundation.framework */; };
		580EF71D1A464CF000744D78 /* libstdc++.dylib in Frameworks */ = {isa = PBXBuildFile; fileRef = 580EF71C1A464CF000744D78 /* libstdc++.dylib */; };
		580EF71E1A464CF900744D78 /* libicucore.dylib in Frameworks */ = {isa = PBXBuildFile; fileRef = 580EF70A1A464C9600744D78 /* libicucore.dylib */; };
		580EF71F1A464D0000744D78 /* CFNetwork.framework in Frameworks */ = {isa = PBXBuildFile; fileRef = 580EF7081A464C8E00744D78 /* CFNetwork.framework */; };
		580EF7241A464EF800744D78 /* MainPageViewController.swift in Sources */ = {isa = PBXBuildFile; fileRef = 580EF7231A464EF800744D78 /* MainPageViewController.swift */; };
		580EF7401A46509500744D78 /* WebSocket.swift in Sources */ = {isa = PBXBuildFile; fileRef = 580EF73F1A46509500744D78 /* WebSocket.swift */; };
		580EF7441A46640400744D78 /* websocket.html in Resources */ = {isa = PBXBuildFile; fileRef = 580EF7431A46640400744D78 /* websocket.html */; };
		580EF7461A46A84800744D78 /* WebSocketDelegate.swift in Sources */ = {isa = PBXBuildFile; fileRef = 580EF7451A46A84800744D78 /* WebSocketDelegate.swift */; };
		580EF7481A46A89B00744D78 /* SimpleWebRTCSocketDelegate.swift in Sources */ = {isa = PBXBuildFile; fileRef = 580EF7471A46A89B00744D78 /* SimpleWebRTCSocketDelegate.swift */; };
		580EF74A1A46AC5800744D78 /* SimpleWebRTCDelegate.swift in Sources */ = {isa = PBXBuildFile; fileRef = 580EF7491A46AC5800744D78 /* SimpleWebRTCDelegate.swift */; };
		580EF74D1A46B07100744D78 /* SimpleWebRTCStreamDelegate.swift in Sources */ = {isa = PBXBuildFile; fileRef = 580EF74C1A46B07100744D78 /* SimpleWebRTCStreamDelegate.swift */; };
/* End PBXBuildFile section */

/* Begin PBXContainerItemProxy section */
		580EF6F91A464C4800744D78 /* PBXContainerItemProxy */ = {
			isa = PBXContainerItemProxy;
			containerPortal = 580EF6D71A464C4800744D78 /* Project object */;
			proxyType = 1;
			remoteGlobalIDString = 580EF6DE1A464C4800744D78;
			remoteInfo = SimpleWebRTCDemo;
		};
/* End PBXContainerItemProxy section */

/* Begin PBXFileReference section */
		580EF6DF1A464C4800744D78 /* SimpleWebRTCDemo.app */ = {isa = PBXFileReference; explicitFileType = wrapper.application; includeInIndex = 0; path = SimpleWebRTCDemo.app; sourceTree = BUILT_PRODUCTS_DIR; };
		580EF6E31A464C4800744D78 /* Info.plist */ = {isa = PBXFileReference; lastKnownFileType = text.plist.xml; path = Info.plist; sourceTree = "<group>"; };
		580EF6E41A464C4800744D78 /* AppDelegate.swift */ = {isa = PBXFileReference; lastKnownFileType = sourcecode.swift; path = AppDelegate.swift; sourceTree = "<group>"; };
		580EF6ED1A464C4800744D78 /* Base */ = {isa = PBXFileReference; lastKnownFileType = file.storyboard; name = Base; path = Base.lproj/Main.storyboard; sourceTree = "<group>"; };
		580EF6EF1A464C4800744D78 /* Images.xcassets */ = {isa = PBXFileReference; lastKnownFileType = folder.assetcatalog; path = Images.xcassets; sourceTree = "<group>"; };
		580EF6F21A464C4800744D78 /* Base */ = {isa = PBXFileReference; lastKnownFileType = file.xib; name = Base; path = Base.lproj/LaunchScreen.xib; sourceTree = "<group>"; };
		580EF6F81A464C4800744D78 /* SimpleWebRTCDemoTests.xctest */ = {isa = PBXFileReference; explicitFileType = wrapper.cfbundle; includeInIndex = 0; path = SimpleWebRTCDemoTests.xctest; sourceTree = BUILT_PRODUCTS_DIR; };
		580EF6FD1A464C4800744D78 /* Info.plist */ = {isa = PBXFileReference; lastKnownFileType = text.plist.xml; path = Info.plist; sourceTree = "<group>"; };
		580EF6FE1A464C4800744D78 /* SimpleWebRTCDemoTests.swift */ = {isa = PBXFileReference; lastKnownFileType = sourcecode.swift; path = SimpleWebRTCDemoTests.swift; sourceTree = "<group>"; };
		580EF7081A464C8E00744D78 /* CFNetwork.framework */ = {isa = PBXFileReference; lastKnownFileType = wrapper.framework; name = CFNetwork.framework; path = System/Library/Frameworks/CFNetwork.framework; sourceTree = SDKROOT; };
		580EF70A1A464C9600744D78 /* libicucore.dylib */ = {isa = PBXFileReference; lastKnownFileType = "compiled.mach-o.dylib"; name = libicucore.dylib; path = usr/lib/libicucore.dylib; sourceTree = SDKROOT; };
		580EF70C1A464CA200744D78 /* UIKit.framework */ = {isa = PBXFileReference; lastKnownFileType = wrapper.framework; name = UIKit.framework; path = System/Library/Frameworks/UIKit.framework; sourceTree = SDKROOT; };
		580EF70E1A464CC000744D78 /* libWebRTC-7939-arm-intel-Debug.a */ = {isa = PBXFileReference; lastKnownFileType = archive.ar; name = "libWebRTC-7939-arm-intel-Debug.a"; path = "../../../Apple/RealBoticsApp/Libraries/libWebRTC-7939-arm-intel-Debug.a"; sourceTree = "<group>"; };
		580EF7101A464CC700744D78 /* libsqlite3.0.dylib */ = {isa = PBXFileReference; lastKnownFileType = "compiled.mach-o.dylib"; name = libsqlite3.0.dylib; path = usr/lib/libsqlite3.0.dylib; sourceTree = SDKROOT; };
		580EF7121A464CCF00744D78 /* libc.dylib */ = {isa = PBXFileReference; lastKnownFileType = "compiled.mach-o.dylib"; name = libc.dylib; path = usr/lib/libc.dylib; sourceTree = SDKROOT; };
		580EF7141A464CD400744D78 /* GLKit.framework */ = {isa = PBXFileReference; lastKnownFileType = wrapper.framework; name = GLKit.framework; path = System/Library/Frameworks/GLKit.framework; sourceTree = SDKROOT; };
		580EF7161A464CDA00744D78 /* CoreMedia.framework */ = {isa = PBXFileReference; lastKnownFileType = wrapper.framework; name = CoreMedia.framework; path = System/Library/Frameworks/CoreMedia.framework; sourceTree = SDKROOT; };
		580EF7181A464CDF00744D78 /* AVFoundation.framework */ = {isa = PBXFileReference; lastKnownFileType = wrapper.framework; name = AVFoundation.framework; path = System/Library/Frameworks/AVFoundation.framework; sourceTree = SDKROOT; };
		580EF71A1A464CE800744D78 /* Foundation.framework */ = {isa = PBXFileReference; lastKnownFileType = wrapper.framework; name = Foundation.framework; path = System/Library/Frameworks/Foundation.framework; sourceTree = SDKROOT; };
		580EF71C1A464CF000744D78 /* libstdc++.dylib */ = {isa = PBXFileReference; lastKnownFileType = "compiled.mach-o.dylib"; name = "libstdc++.dylib"; path = "usr/lib/libstdc++.dylib"; sourceTree = SDKROOT; };
		580EF7231A464EF800744D78 /* MainPageViewController.swift */ = {isa = PBXFileReference; fileEncoding = 4; lastKnownFileType = sourcecode.swift; path = MainPageViewController.swift; sourceTree = "<group>"; };
		580EF7251A464FFB00744D78 /* RTCAudioSource.h */ = {isa = PBXFileReference; fileEncoding = 4; lastKnownFileType = sourcecode.c.h; name = RTCAudioSource.h; path = SimpleWebRTCDemo/WebRTCHeaders/RTCAudioSource.h; sourceTree = "<group>"; };
		580EF7261A464FFB00744D78 /* RTCAudioTrack.h */ = {isa = PBXFileReference; fileEncoding = 4; lastKnownFileType = sourcecode.c.h; name = RTCAudioTrack.h; path = SimpleWebRTCDemo/WebRTCHeaders/RTCAudioTrack.h; sourceTree = "<group>"; };
		580EF7271A464FFB00744D78 /* RTCDataChannel.h */ = {isa = PBXFileReference; fileEncoding = 4; lastKnownFileType = sourcecode.c.h; name = RTCDataChannel.h; path = SimpleWebRTCDemo/WebRTCHeaders/RTCDataChannel.h; sourceTree = "<group>"; };
		580EF7281A464FFB00744D78 /* RTCEAGLVideoView.h */ = {isa = PBXFileReference; fileEncoding = 4; lastKnownFileType = sourcecode.c.h; name = RTCEAGLVideoView.h; path = SimpleWebRTCDemo/WebRTCHeaders/RTCEAGLVideoView.h; sourceTree = "<group>"; };
		580EF7291A464FFB00744D78 /* RTCI420Frame.h */ = {isa = PBXFileReference; fileEncoding = 4; lastKnownFileType = sourcecode.c.h; name = RTCI420Frame.h; path = SimpleWebRTCDemo/WebRTCHeaders/RTCI420Frame.h; sourceTree = "<group>"; };
		580EF72A1A464FFB00744D78 /* RTCICECandidate.h */ = {isa = PBXFileReference; fileEncoding = 4; lastKnownFileType = sourcecode.c.h; name = RTCICECandidate.h; path = SimpleWebRTCDemo/WebRTCHeaders/RTCICECandidate.h; sourceTree = "<group>"; };
		580EF72B1A464FFB00744D78 /* RTCICEServer.h */ = {isa = PBXFileReference; fileEncoding = 4; lastKnownFileType = sourcecode.c.h; name = RTCICEServer.h; path = SimpleWebRTCDemo/WebRTCHeaders/RTCICEServer.h; sourceTree = "<group>"; };
		580EF72C1A464FFB00744D78 /* RTCMediaConstraints.h */ = {isa = PBXFileReference; fileEncoding = 4; lastKnownFileType = sourcecode.c.h; name = RTCMediaConstraints.h; path = SimpleWebRTCDemo/WebRTCHeaders/RTCMediaConstraints.h; sourceTree = "<group>"; };
		580EF72D1A464FFB00744D78 /* RTCMediaSource.h */ = {isa = PBXFileReference; fileEncoding = 4; lastKnownFileType = sourcecode.c.h; name = RTCMediaSource.h; path = SimpleWebRTCDemo/WebRTCHeaders/RTCMediaSource.h; sourceTree = "<group>"; };
		580EF72E1A464FFB00744D78 /* RTCMediaStream.h */ = {isa = PBXFileReference; fileEncoding = 4; lastKnownFileType = sourcecode.c.h; name = RTCMediaStream.h; path = SimpleWebRTCDemo/WebRTCHeaders/RTCMediaStream.h; sourceTree = "<group>"; };
		580EF72F1A464FFB00744D78 /* RTCMediaStreamTrack.h */ = {isa = PBXFileReference; fileEncoding = 4; lastKnownFileType = sourcecode.c.h; name = RTCMediaStreamTrack.h; path = SimpleWebRTCDemo/WebRTCHeaders/RTCMediaStreamTrack.h; sourceTree = "<group>"; };
		580EF7301A464FFB00744D78 /* RTCNSGLVideoView.h */ = {isa = PBXFileReference; fileEncoding = 4; lastKnownFileType = sourcecode.c.h; name = RTCNSGLVideoView.h; path = SimpleWebRTCDemo/WebRTCHeaders/RTCNSGLVideoView.h; sourceTree = "<group>"; };
		580EF7311A464FFB00744D78 /* RTCOpenGLVideoRenderer.h */ = {isa = PBXFileReference; fileEncoding = 4; lastKnownFileType = sourcecode.c.h; name = RTCOpenGLVideoRenderer.h; path = SimpleWebRTCDemo/WebRTCHeaders/RTCOpenGLVideoRenderer.h; sourceTree = "<group>"; };
		580EF7321A464FFB00744D78 /* RTCPair.h */ = {isa = PBXFileReference; fileEncoding = 4; lastKnownFileType = sourcecode.c.h; name = RTCPair.h; path = SimpleWebRTCDemo/WebRTCHeaders/RTCPair.h; sourceTree = "<group>"; };
		580EF7331A464FFB00744D78 /* RTCPeerConnection.h */ = {isa = PBXFileReference; fileEncoding = 4; lastKnownFileType = sourcecode.c.h; name = RTCPeerConnection.h; path = SimpleWebRTCDemo/WebRTCHeaders/RTCPeerConnection.h; sourceTree = "<group>"; };
		580EF7341A464FFB00744D78 /* RTCPeerConnectionDelegate.h */ = {isa = PBXFileReference; fileEncoding = 4; lastKnownFileType = sourcecode.c.h; name = RTCPeerConnectionDelegate.h; path = SimpleWebRTCDemo/WebRTCHeaders/RTCPeerConnectionDelegate.h; sourceTree = "<group>"; };
		580EF7351A464FFB00744D78 /* RTCPeerConnectionFactory.h */ = {isa = PBXFileReference; fileEncoding = 4; lastKnownFileType = sourcecode.c.h; name = RTCPeerConnectionFactory.h; path = SimpleWebRTCDemo/WebRTCHeaders/RTCPeerConnectionFactory.h; sourceTree = "<group>"; };
		580EF7361A464FFB00744D78 /* RTCSessionDescription.h */ = {isa = PBXFileReference; fileEncoding = 4; lastKnownFileType = sourcecode.c.h; name = RTCSessionDescription.h; path = SimpleWebRTCDemo/WebRTCHeaders/RTCSessionDescription.h; sourceTree = "<group>"; };
		580EF7371A464FFB00744D78 /* RTCSessionDescriptionDelegate.h */ = {isa = PBXFileReference; fileEncoding = 4; lastKnownFileType = sourcecode.c.h; name = RTCSessionDescriptionDelegate.h; path = SimpleWebRTCDemo/WebRTCHeaders/RTCSessionDescriptionDelegate.h; sourceTree = "<group>"; };
		580EF7381A464FFB00744D78 /* RTCStatsDelegate.h */ = {isa = PBXFileReference; fileEncoding = 4; lastKnownFileType = sourcecode.c.h; name = RTCStatsDelegate.h; path = SimpleWebRTCDemo/WebRTCHeaders/RTCStatsDelegate.h; sourceTree = "<group>"; };
		580EF7391A464FFB00744D78 /* RTCStatsReport.h */ = {isa = PBXFileReference; fileEncoding = 4; lastKnownFileType = sourcecode.c.h; name = RTCStatsReport.h; path = SimpleWebRTCDemo/WebRTCHeaders/RTCStatsReport.h; sourceTree = "<group>"; };
		580EF73A1A464FFB00744D78 /* RTCTypes.h */ = {isa = PBXFileReference; fileEncoding = 4; lastKnownFileType = sourcecode.c.h; name = RTCTypes.h; path = SimpleWebRTCDemo/WebRTCHeaders/RTCTypes.h; sourceTree = "<group>"; };
		580EF73B1A464FFB00744D78 /* RTCVideoCapturer.h */ = {isa = PBXFileReference; fileEncoding = 4; lastKnownFileType = sourcecode.c.h; name = RTCVideoCapturer.h; path = SimpleWebRTCDemo/WebRTCHeaders/RTCVideoCapturer.h; sourceTree = "<group>"; };
		580EF73C1A464FFB00744D78 /* RTCVideoRenderer.h */ = {isa = PBXFileReference; fileEncoding = 4; lastKnownFileType = sourcecode.c.h; name = RTCVideoRenderer.h; path = SimpleWebRTCDemo/WebRTCHeaders/RTCVideoRenderer.h; sourceTree = "<group>"; };
		580EF73D1A464FFB00744D78 /* RTCVideoSource.h */ = {isa = PBXFileReference; fileEncoding = 4; lastKnownFileType = sourcecode.c.h; name = RTCVideoSource.h; path = SimpleWebRTCDemo/WebRTCHeaders/RTCVideoSource.h; sourceTree = "<group>"; };
		580EF73E1A464FFB00744D78 /* RTCVideoTrack.h */ = {isa = PBXFileReference; fileEncoding = 4; lastKnownFileType = sourcecode.c.h; name = RTCVideoTrack.h; path = SimpleWebRTCDemo/WebRTCHeaders/RTCVideoTrack.h; sourceTree = "<group>"; };
		580EF73F1A46509500744D78 /* WebSocket.swift */ = {isa = PBXFileReference; fileEncoding = 4; lastKnownFileType = sourcecode.swift; path = WebSocket.swift; sourceTree = "<group>"; };
		580EF7431A46640400744D78 /* websocket.html */ = {isa = PBXFileReference; fileEncoding = 4; lastKnownFileType = text.html; path = websocket.html; sourceTree = "<group>"; };
		580EF7451A46A84800744D78 /* WebSocketDelegate.swift */ = {isa = PBXFileReference; fileEncoding = 4; lastKnownFileType = sourcecode.swift; path = WebSocketDelegate.swift; sourceTree = "<group>"; };
		580EF7471A46A89B00744D78 /* SimpleWebRTCSocketDelegate.swift */ = {isa = PBXFileReference; fileEncoding = 4; lastKnownFileType = sourcecode.swift; path = SimpleWebRTCSocketDelegate.swift; sourceTree = "<group>"; };
		580EF7491A46AC5800744D78 /* SimpleWebRTCDelegate.swift */ = {isa = PBXFileReference; fileEncoding = 4; lastKnownFileType = sourcecode.swift; path = SimpleWebRTCDelegate.swift; sourceTree = "<group>"; };
		580EF74B1A46ACEB00744D78 /* ObjCBridge.h */ = {isa = PBXFileReference; lastKnownFileType = sourcecode.c.h; path = ObjCBridge.h; sourceTree = "<group>"; };
		580EF74C1A46B07100744D78 /* SimpleWebRTCStreamDelegate.swift */ = {isa = PBXFileReference; fileEncoding = 4; lastKnownFileType = sourcecode.swift; path = SimpleWebRTCStreamDelegate.swift; sourceTree = "<group>"; };
/* End PBXFileReference section */

/* Begin PBXFrameworksBuildPhase section */
		580EF6DC1A464C4800744D78 /* Frameworks */ = {
			isa = PBXFrameworksBuildPhase;
			buildActionMask = 2147483647;
			files = (
				580EF71F1A464D0000744D78 /* CFNetwork.framework in Frameworks */,
				580EF71E1A464CF900744D78 /* libicucore.dylib in Frameworks */,
				580EF71D1A464CF000744D78 /* libstdc++.dylib in Frameworks */,
				580EF71B1A464CE800744D78 /* Foundation.framework in Frameworks */,
				580EF7191A464CDF00744D78 /* AVFoundation.framework in Frameworks */,
				580EF7171A464CDA00744D78 /* CoreMedia.framework in Frameworks */,
				580EF7151A464CD400744D78 /* GLKit.framework in Frameworks */,
				580EF7131A464CCF00744D78 /* libc.dylib in Frameworks */,
				580EF7111A464CC700744D78 /* libsqlite3.0.dylib in Frameworks */,
				580EF70F1A464CC000744D78 /* libWebRTC-7939-arm-intel-Debug.a in Frameworks */,
				580EF70D1A464CA200744D78 /* UIKit.framework in Frameworks */,
			);
			runOnlyForDeploymentPostprocessing = 0;
		};
		580EF6F51A464C4800744D78 /* Frameworks */ = {
			isa = PBXFrameworksBuildPhase;
			buildActionMask = 2147483647;
			files = (
			);
			runOnlyForDeploymentPostprocessing = 0;
		};
/* End PBXFrameworksBuildPhase section */

/* Begin PBXGroup section */
		580EF6D61A464C4800744D78 = {
			isa = PBXGroup;
			children = (
				580EF74C1A46B07100744D78 /* SimpleWebRTCStreamDelegate.swift */,
				580EF7221A464D6200744D78 /* WebRTC */,
				580EF6E11A464C4800744D78 /* SimpleWebRTCDemo */,
				580EF6FB1A464C4800744D78 /* SimpleWebRTCDemoTests */,
				580EF6E01A464C4800744D78 /* Products */,
				580EF7211A464D2900744D78 /* Frameworks */,
			);
			sourceTree = "<group>";
		};
		580EF6E01A464C4800744D78 /* Products */ = {
			isa = PBXGroup;
			children = (
				580EF6DF1A464C4800744D78 /* SimpleWebRTCDemo.app */,
				580EF6F81A464C4800744D78 /* SimpleWebRTCDemoTests.xctest */,
			);
			name = Products;
			sourceTree = "<group>";
		};
		580EF6E11A464C4800744D78 /* SimpleWebRTCDemo */ = {
			isa = PBXGroup;
			children = (
				580EF7431A46640400744D78 /* websocket.html */,
				580EF6E41A464C4800744D78 /* AppDelegate.swift */,
				580EF6EC1A464C4800744D78 /* Main.storyboard */,
				580EF6EF1A464C4800744D78 /* Images.xcassets */,
				580EF6F11A464C4800744D78 /* LaunchScreen.xib */,
				580EF6E21A464C4800744D78 /* Supporting Files */,
				580EF7231A464EF800744D78 /* MainPageViewController.swift */,
				580EF73F1A46509500744D78 /* WebSocket.swift */,
				580EF7451A46A84800744D78 /* WebSocketDelegate.swift */,
				580EF7471A46A89B00744D78 /* SimpleWebRTCSocketDelegate.swift */,
				580EF7491A46AC5800744D78 /* SimpleWebRTCDelegate.swift */,
				580EF74B1A46ACEB00744D78 /* ObjCBridge.h */,
			);
			path = SimpleWebRTCDemo;
			sourceTree = "<group>";
		};
		580EF6E21A464C4800744D78 /* Supporting Files */ = {
			isa = PBXGroup;
			children = (
				580EF6E31A464C4800744D78 /* Info.plist */,
			);
			name = "Supporting Files";
			sourceTree = "<group>";
		};
		580EF6FB1A464C4800744D78 /* SimpleWebRTCDemoTests */ = {
			isa = PBXGroup;
			children = (
				580EF6FE1A464C4800744D78 /* SimpleWebRTCDemoTests.swift */,
				580EF6FC1A464C4800744D78 /* Supporting Files */,
			);
			path = SimpleWebRTCDemoTests;
			sourceTree = "<group>";
		};
		580EF6FC1A464C4800744D78 /* Supporting Files */ = {
			isa = PBXGroup;
			children = (
				580EF6FD1A464C4800744D78 /* Info.plist */,
			);
			name = "Supporting Files";
			sourceTree = "<group>";
		};
		580EF7211A464D2900744D78 /* Frameworks */ = {
			isa = PBXGroup;
			children = (
				580EF71C1A464CF000744D78 /* libstdc++.dylib */,
				580EF71A1A464CE800744D78 /* Foundation.framework */,
				580EF7181A464CDF00744D78 /* AVFoundation.framework */,
				580EF7161A464CDA00744D78 /* CoreMedia.framework */,
				580EF7141A464CD400744D78 /* GLKit.framework */,
				580EF7121A464CCF00744D78 /* libc.dylib */,
				580EF7101A464CC700744D78 /* libsqlite3.0.dylib */,
				580EF70E1A464CC000744D78 /* libWebRTC-7939-arm-intel-Debug.a */,
				580EF70C1A464CA200744D78 /* UIKit.framework */,
				580EF70A1A464C9600744D78 /* libicucore.dylib */,
				580EF7081A464C8E00744D78 /* CFNetwork.framework */,
			);
			name = Frameworks;
			sourceTree = "<group>";
		};
		580EF7221A464D6200744D78 /* WebRTC */ = {
			isa = PBXGroup;
			children = (
				580EF7251A464FFB00744D78 /* RTCAudioSource.h */,
				580EF7261A464FFB00744D78 /* RTCAudioTrack.h */,
				580EF7271A464FFB00744D78 /* RTCDataChannel.h */,
				580EF7281A464FFB00744D78 /* RTCEAGLVideoView.h */,
				580EF7291A464FFB00744D78 /* RTCI420Frame.h */,
				580EF72A1A464FFB00744D78 /* RTCICECandidate.h */,
				580EF72B1A464FFB00744D78 /* RTCICEServer.h */,
				580EF72C1A464FFB00744D78 /* RTCMediaConstraints.h */,
				580EF72D1A464FFB00744D78 /* RTCMediaSource.h */,
				580EF72E1A464FFB00744D78 /* RTCMediaStream.h */,
				580EF72F1A464FFB00744D78 /* RTCMediaStreamTrack.h */,
				580EF7301A464FFB00744D78 /* RTCNSGLVideoView.h */,
				580EF7311A464FFB00744D78 /* RTCOpenGLVideoRenderer.h */,
				580EF7321A464FFB00744D78 /* RTCPair.h */,
				580EF7331A464FFB00744D78 /* RTCPeerConnection.h */,
				580EF7341A464FFB00744D78 /* RTCPeerConnectionDelegate.h */,
				580EF7351A464FFB00744D78 /* RTCPeerConnectionFactory.h */,
				580EF7361A464FFB00744D78 /* RTCSessionDescription.h */,
				580EF7371A464FFB00744D78 /* RTCSessionDescriptionDelegate.h */,
				580EF7381A464FFB00744D78 /* RTCStatsDelegate.h */,
				580EF7391A464FFB00744D78 /* RTCStatsReport.h */,
				580EF73A1A464FFB00744D78 /* RTCTypes.h */,
				580EF73B1A464FFB00744D78 /* RTCVideoCapturer.h */,
				580EF73C1A464FFB00744D78 /* RTCVideoRenderer.h */,
				580EF73D1A464FFB00744D78 /* RTCVideoSource.h */,
				580EF73E1A464FFB00744D78 /* RTCVideoTrack.h */,
			);
			name = WebRTC;
			sourceTree = "<group>";
		};
/* End PBXGroup section */

/* Begin PBXNativeTarget section */
		580EF6DE1A464C4800744D78 /* SimpleWebRTCDemo */ = {
			isa = PBXNativeTarget;
			buildConfigurationList = 580EF7021A464C4800744D78 /* Build configuration list for PBXNativeTarget "SimpleWebRTCDemo" */;
			buildPhases = (
				580EF6DB1A464C4800744D78 /* Sources */,
				580EF6DC1A464C4800744D78 /* Frameworks */,
				580EF6DD1A464C4800744D78 /* Resources */,
			);
			buildRules = (
			);
			dependencies = (
			);
			name = SimpleWebRTCDemo;
			productName = SimpleWebRTCDemo;
			productReference = 580EF6DF1A464C4800744D78 /* SimpleWebRTCDemo.app */;
			productType = "com.apple.product-type.application";
		};
		580EF6F71A464C4800744D78 /* SimpleWebRTCDemoTests */ = {
			isa = PBXNativeTarget;
			buildConfigurationList = 580EF7051A464C4800744D78 /* Build configuration list for PBXNativeTarget "SimpleWebRTCDemoTests" */;
			buildPhases = (
				580EF6F41A464C4800744D78 /* Sources */,
				580EF6F51A464C4800744D78 /* Frameworks */,
				580EF6F61A464C4800744D78 /* Resources */,
			);
			buildRules = (
			);
			dependencies = (
				580EF6FA1A464C4800744D78 /* PBXTargetDependency */,
			);
			name = SimpleWebRTCDemoTests;
			productName = SimpleWebRTCDemoTests;
			productReference = 580EF6F81A464C4800744D78 /* SimpleWebRTCDemoTests.xctest */;
			productType = "com.apple.product-type.bundle.unit-test";
		};
/* End PBXNativeTarget section */

/* Begin PBXProject section */
		580EF6D71A464C4800744D78 /* Project object */ = {
			isa = PBXProject;
			attributes = {
				LastUpgradeCheck = 0610;
				ORGANIZATIONNAME = "RealBotics Inc.";
				TargetAttributes = {
					580EF6DE1A464C4800744D78 = {
						CreatedOnToolsVersion = 6.1.1;
					};
					580EF6F71A464C4800744D78 = {
						CreatedOnToolsVersion = 6.1.1;
						TestTargetID = 580EF6DE1A464C4800744D78;
					};
				};
			};
			buildConfigurationList = 580EF6DA1A464C4800744D78 /* Build configuration list for PBXProject "SimpleWebRTCDemo" */;
			compatibilityVersion = "Xcode 3.2";
			developmentRegion = English;
			hasScannedForEncodings = 0;
			knownRegions = (
				en,
				Base,
			);
			mainGroup = 580EF6D61A464C4800744D78;
			productRefGroup = 580EF6E01A464C4800744D78 /* Products */;
			projectDirPath = "";
			projectRoot = "";
			targets = (
				580EF6DE1A464C4800744D78 /* SimpleWebRTCDemo */,
				580EF6F71A464C4800744D78 /* SimpleWebRTCDemoTests */,
			);
		};
/* End PBXProject section */

/* Begin PBXResourcesBuildPhase section */
		580EF6DD1A464C4800744D78 /* Resources */ = {
			isa = PBXResourcesBuildPhase;
			buildActionMask = 2147483647;
			files = (
				580EF7441A46640400744D78 /* websocket.html in Resources */,
				580EF6EE1A464C4800744D78 /* Main.storyboard in Resources */,
				580EF6F31A464C4800744D78 /* LaunchScreen.xib in Resources */,
				580EF6F01A464C4800744D78 /* Images.xcassets in Resources */,
			);
			runOnlyForDeploymentPostprocessing = 0;
		};
		580EF6F61A464C4800744D78 /* Resources */ = {
			isa = PBXResourcesBuildPhase;
			buildActionMask = 2147483647;
			files = (
			);
			runOnlyForDeploymentPostprocessing = 0;
		};
/* End PBXResourcesBuildPhase section */

/* Begin PBXSourcesBuildPhase section */
		580EF6DB1A464C4800744D78 /* Sources */ = {
			isa = PBXSourcesBuildPhase;
			buildActionMask = 2147483647;
			files = (
				580EF74D1A46B07100744D78 /* SimpleWebRTCStreamDelegate.swift in Sources */,
				580EF7461A46A84800744D78 /* WebSocketDelegate.swift in Sources */,
				580EF7241A464EF800744D78 /* MainPageViewController.swift in Sources */,
				580EF7401A46509500744D78 /* WebSocket.swift in Sources */,
				580EF6E51A464C4800744D78 /* AppDelegate.swift in Sources */,
				580EF7481A46A89B00744D78 /* SimpleWebRTCSocketDelegate.swift in Sources */,
				580EF74A1A46AC5800744D78 /* SimpleWebRTCDelegate.swift in Sources */,
			);
			runOnlyForDeploymentPostprocessing = 0;
		};
		580EF6F41A464C4800744D78 /* Sources */ = {
			isa = PBXSourcesBuildPhase;
			buildActionMask = 2147483647;
			files = (
				580EF6FF1A464C4800744D78 /* SimpleWebRTCDemoTests.swift in Sources */,
			);
			runOnlyForDeploymentPostprocessing = 0;
		};
/* End PBXSourcesBuildPhase section */

/* Begin PBXTargetDependency section */
		580EF6FA1A464C4800744D78 /* PBXTargetDependency */ = {
			isa = PBXTargetDependency;
			target = 580EF6DE1A464C4800744D78 /* SimpleWebRTCDemo */;
			targetProxy = 580EF6F91A464C4800744D78 /* PBXContainerItemProxy */;
		};
/* End PBXTargetDependency section */

/* Begin PBXVariantGroup section */
		580EF6EC1A464C4800744D78 /* Main.storyboard */ = {
			isa = PBXVariantGroup;
			children = (
				580EF6ED1A464C4800744D78 /* Base */,
			);
			name = Main.storyboard;
			sourceTree = "<group>";
		};
		580EF6F11A464C4800744D78 /* LaunchScreen.xib */ = {
			isa = PBXVariantGroup;
			children = (
				580EF6F21A464C4800744D78 /* Base */,
			);
			name = LaunchScreen.xib;
			sourceTree = "<group>";
		};
/* End PBXVariantGroup section */

/* Begin XCBuildConfiguration section */
		580EF7001A464C4800744D78 /* Debug */ = {
			isa = XCBuildConfiguration;
			buildSettings = {
				ALWAYS_SEARCH_USER_PATHS = NO;
				CLANG_CXX_LANGUAGE_STANDARD = "gnu++0x";
				CLANG_CXX_LIBRARY = "libc++";
				CLANG_ENABLE_MODULES = YES;
				CLANG_ENABLE_OBJC_ARC = YES;
				CLANG_WARN_BOOL_CONVERSION = YES;
				CLANG_WARN_CONSTANT_CONVERSION = YES;
				CLANG_WARN_DIRECT_OBJC_ISA_USAGE = YES_ERROR;
				CLANG_WARN_EMPTY_BODY = YES;
				CLANG_WARN_ENUM_CONVERSION = YES;
				CLANG_WARN_INT_CONVERSION = YES;
				CLANG_WARN_OBJC_ROOT_CLASS = YES_ERROR;
				CLANG_WARN_UNREACHABLE_CODE = YES;
				CLANG_WARN__DUPLICATE_METHOD_MATCH = YES;
				"CODE_SIGN_IDENTITY[sdk=iphoneos*]" = "iPhone Developer";
				COPY_PHASE_STRIP = NO;
				ENABLE_STRICT_OBJC_MSGSEND = YES;
				GCC_C_LANGUAGE_STANDARD = gnu99;
				GCC_DYNAMIC_NO_PIC = NO;
				GCC_OPTIMIZATION_LEVEL = 0;
				GCC_PREPROCESSOR_DEFINITIONS = (
					"DEBUG=1",
					"$(inherited)",
				);
				GCC_SYMBOLS_PRIVATE_EXTERN = NO;
				GCC_WARN_64_TO_32_BIT_CONVERSION = YES;
				GCC_WARN_ABOUT_RETURN_TYPE = YES_ERROR;
				GCC_WARN_UNDECLARED_SELECTOR = YES;
				GCC_WARN_UNINITIALIZED_AUTOS = YES_AGGRESSIVE;
				GCC_WARN_UNUSED_FUNCTION = YES;
				GCC_WARN_UNUSED_VARIABLE = YES;
				IPHONEOS_DEPLOYMENT_TARGET = 8.1;
				MTL_ENABLE_DEBUG_INFO = YES;
				ONLY_ACTIVE_ARCH = YES;
				SDKROOT = iphoneos;
				SWIFT_OBJC_BRIDGING_HEADER = SimpleWebRTCDemo/ObjCBridge.h;
				SWIFT_OPTIMIZATION_LEVEL = "-Onone";
				TARGETED_DEVICE_FAMILY = "1,2";
			};
			name = Debug;
		};
		580EF7011A464C4800744D78 /* Release */ = {
			isa = XCBuildConfiguration;
			buildSettings = {
				ALWAYS_SEARCH_USER_PATHS = NO;
				CLANG_CXX_LANGUAGE_STANDARD = "gnu++0x";
				CLANG_CXX_LIBRARY = "libc++";
				CLANG_ENABLE_MODULES = YES;
				CLANG_ENABLE_OBJC_ARC = YES;
				CLANG_WARN_BOOL_CONVERSION = YES;
				CLANG_WARN_CONSTANT_CONVERSION = YES;
				CLANG_WARN_DIRECT_OBJC_ISA_USAGE = YES_ERROR;
				CLANG_WARN_EMPTY_BODY = YES;
				CLANG_WARN_ENUM_CONVERSION = YES;
				CLANG_WARN_INT_CONVERSION = YES;
				CLANG_WARN_OBJC_ROOT_CLASS = YES_ERROR;
				CLANG_WARN_UNREACHABLE_CODE = YES;
				CLANG_WARN__DUPLICATE_METHOD_MATCH = YES;
				"CODE_SIGN_IDENTITY[sdk=iphoneos*]" = "iPhone Developer";
				COPY_PHASE_STRIP = YES;
				ENABLE_NS_ASSERTIONS = NO;
				ENABLE_STRICT_OBJC_MSGSEND = YES;
				GCC_C_LANGUAGE_STANDARD = gnu99;
				GCC_WARN_64_TO_32_BIT_CONVERSION = YES;
				GCC_WARN_ABOUT_RETURN_TYPE = YES_ERROR;
				GCC_WARN_UNDECLARED_SELECTOR = YES;
				GCC_WARN_UNINITIALIZED_AUTOS = YES_AGGRESSIVE;
				GCC_WARN_UNUSED_FUNCTION = YES;
				GCC_WARN_UNUSED_VARIABLE = YES;
				IPHONEOS_DEPLOYMENT_TARGET = 8.1;
				MTL_ENABLE_DEBUG_INFO = NO;
				SDKROOT = iphoneos;
				SWIFT_OBJC_BRIDGING_HEADER = SimpleWebRTCDemo/ObjCBridge.h;
				TARGETED_DEVICE_FAMILY = "1,2";
				VALIDATE_PRODUCT = YES;
			};
			name = Release;
		};
		580EF7031A464C4800744D78 /* Debug */ = {
			isa = XCBuildConfiguration;
			buildSettings = {
				ASSETCATALOG_COMPILER_APPICON_NAME = AppIcon;
				INFOPLIST_FILE = SimpleWebRTCDemo/Info.plist;
				IPHONEOS_DEPLOYMENT_TARGET = 7.0;
				LD_RUNPATH_SEARCH_PATHS = "$(inherited) @executable_path/Frameworks";
				LIBRARY_SEARCH_PATHS = (
					"$(inherited)",
					/Users/sturgedl/Documents/Projects/Apple/RealBoticsApp/Libraries,
				);
				PRODUCT_NAME = "$(TARGET_NAME)";
			};
			name = Debug;
		};
		580EF7041A464C4800744D78 /* Release */ = {
			isa = XCBuildConfiguration;
			buildSettings = {
				ASSETCATALOG_COMPILER_APPICON_NAME = AppIcon;
				INFOPLIST_FILE = SimpleWebRTCDemo/Info.plist;
				IPHONEOS_DEPLOYMENT_TARGET = 7.0;
				LD_RUNPATH_SEARCH_PATHS = "$(inherited) @executable_path/Frameworks";
				LIBRARY_SEARCH_PATHS = (
					"$(inherited)",
					/Users/sturgedl/Documents/Projects/Apple/RealBoticsApp/Libraries,
				);
				PRODUCT_NAME = "$(TARGET_NAME)";
			};
			name = Release;
		};
		580EF7061A464C4800744D78 /* Debug */ = {
			isa = XCBuildConfiguration;
			buildSettings = {
				BUNDLE_LOADER = "$(TEST_HOST)";
				FRAMEWORK_SEARCH_PATHS = (
					"$(SDKROOT)/Developer/Library/Frameworks",
					"$(inherited)",
				);
				GCC_PREPROCESSOR_DEFINITIONS = (
					"DEBUG=1",
					"$(inherited)",
				);
				INFOPLIST_FILE = SimpleWebRTCDemoTests/Info.plist;
				LD_RUNPATH_SEARCH_PATHS = "$(inherited) @executable_path/Frameworks @loader_path/Frameworks";
				PRODUCT_NAME = "$(TARGET_NAME)";
				TEST_HOST = "$(BUILT_PRODUCTS_DIR)/SimpleWebRTCDemo.app/SimpleWebRTCDemo";
			};
			name = Debug;
		};
		580EF7071A464C4800744D78 /* Release */ = {
			isa = XCBuildConfiguration;
			buildSettings = {
				BUNDLE_LOADER = "$(TEST_HOST)";
				FRAMEWORK_SEARCH_PATHS = (
					"$(SDKROOT)/Developer/Library/Frameworks",
					"$(inherited)",
				);
				INFOPLIST_FILE = SimpleWebRTCDemoTests/Info.plist;
				LD_RUNPATH_SEARCH_PATHS = "$(inherited) @executable_path/Frameworks @loader_path/Frameworks";
				PRODUCT_NAME = "$(TARGET_NAME)";
				TEST_HOST = "$(BUILT_PRODUCTS_DIR)/SimpleWebRTCDemo.app/SimpleWebRTCDemo";
			};
			name = Release;
		};
/* End XCBuildConfiguration section */

/* Begin XCConfigurationList section */
		580EF6DA1A464C4800744D78 /* Build configuration list for PBXProject "SimpleWebRTCDemo" */ = {
			isa = XCConfigurationList;
			buildConfigurations = (
				580EF7001A464C4800744D78 /* Debug */,
				580EF7011A464C4800744D78 /* Release */,
			);
			defaultConfigurationIsVisible = 0;
			defaultConfigurationName = Release;
		};
		580EF7021A464C4800744D78 /* Build configuration list for PBXNativeTarget "SimpleWebRTCDemo" */ = {
			isa = XCConfigurationList;
			buildConfigurations = (
				580EF7031A464C4800744D78 /* Debug */,
				580EF7041A464C4800744D78 /* Release */,
			);
			defaultConfigurationIsVisible = 0;
		};
		580EF7051A464C4800744D78 /* Build configuration list for PBXNativeTarget "SimpleWebRTCDemoTests" */ = {
			isa = XCConfigurationList;
			buildConfigurations = (
				580EF7061A464C4800744D78 /* Debug */,
				580EF7071A464C4800744D78 /* Release */,
			);
			defaultConfigurationIsVisible = 0;
		};
/* End XCConfigurationList section */
	};
	rootObject = 580EF6D71A464C4800744D78 /* Project object */;
}
